# This file is generated by running "yarn install" inside your project.
# Manual changes might be lost - proceed with caution!

__metadata:
  version: 8
  cacheKey: 10c0

"@types/node@npm:^22.5.4":
  version: 22.5.4
  resolution: "@types/node@npm:22.5.4"
  dependencies:
    undici-types: "npm:~6.19.2"
  checksum: 10c0/b445daa7eecd761ad4d778b882d6ff7bcc3b4baad2086ea9804db7c5d4a4ab0298b00d7f5315fc640a73b5a1d52bbf9628e09c9fec0cf44dbf9b4df674a8717d
  languageName: node
  linkType: hard

"integration-events@workspace:.":
  version: 0.0.0-use.local
  resolution: "integration-events@workspace:."
  dependencies:
    "@types/node": "npm:^22.5.4"
    tsconfig-paths: "npm:^4.2.0"
    typescript: "npm:4.7"
  languageName: unknown
  linkType: soft

"json5@npm:^2.2.2":
  version: 2.2.3
  resolution: "json5@npm:2.2.3"
  bin:
    json5: lib/cli.js
  checksum: 10c0/5a04eed94810fa55c5ea138b2f7a5c12b97c3750bc63d11e511dcecbfef758003861522a070c2272764ee0f4e3e323862f386945aeb5b85b87ee43f084ba586c
  languageName: node
  linkType: hard

"minimist@npm:^1.2.6":
  version: 1.2.8
  resolution: "minimist@npm:1.2.8"
  checksum: 10c0/19d3fcdca050087b84c2029841a093691a91259a47def2f18222f41e7645a0b7c44ef4b40e88a1e58a40c84d2ef0ee6047c55594d298146d0eb3f6b737c20ce6
  languageName: node
  linkType: hard

"strip-bom@npm:^3.0.0":
  version: 3.0.0
  resolution: "strip-bom@npm:3.0.0"
  checksum: 10c0/51201f50e021ef16672593d7434ca239441b7b760e905d9f33df6e4f3954ff54ec0e0a06f100d028af0982d6f25c35cd5cda2ce34eaebccd0250b8befb90d8f1
  languageName: node
  linkType: hard

"tsconfig-paths@npm:^4.2.0":
  version: 4.2.0
  resolution: "tsconfig-paths@npm:4.2.0"
  dependencies:
    json5: "npm:^2.2.2"
    minimist: "npm:^1.2.6"
    strip-bom: "npm:^3.0.0"
  checksum: 10c0/09a5877402d082bb1134930c10249edeebc0211f36150c35e1c542e5b91f1047b1ccf7da1e59babca1ef1f014c525510f4f870de7c9bda470c73bb4e2721b3ea
  languageName: node
  linkType: hard

"typescript@npm:4.7":
  version: 4.7.4
  resolution: "typescript@npm:4.7.4"
  bin:
    tsc: bin/tsc
    tsserver: bin/tsserver
  checksum: 10c0/8c1c4007b6ce5b24c49f0e89173ab9e82687cc6ae54418d1140bb63b82d6598d085ac0f993fe3d3d1fbf87a2c76f1f81d394dc76315bc72c7a9f8561c5d8d205
  languageName: node
  linkType: hard

"typescript@patch:typescript@npm%3A4.7#optional!builtin<compat/typescript>":
  version: 4.7.4
  resolution: "typescript@patch:typescript@npm%3A4.7.4#optional!builtin<compat/typescript>::version=4.7.4&hash=65a307"
  bin:
    tsc: bin/tsc
    tsserver: bin/tsserver
  checksum: 10c0/2eb6e31b04fabec84a4d07b5d567deb5ef0a2971d89d9adb16895f148f7d8508adfb12074abc2efc6966805d3664e68ab67925060e5b0ebd8da616db4b151906
  languageName: node
  linkType: hard

"undici-types@npm:~6.19.2":
  version: 6.19.8
  resolution: "undici-types@npm:6.19.8"
  checksum: 10c0/078afa5990fba110f6824823ace86073b4638f1d5112ee26e790155f481f2a868cc3e0615505b6f4282bdf74a3d8caad715fd809e870c2bb0704e3ea6082f344
  languageName: node
  linkType: hard
